{
  "nodes": {
    "nixpkgs": {
      "locked": {
        "lastModified": 1778637657,
        "narHash": "sha256-7y4V/VTFxBSnwPHlIyaTzoDCzOhc/i1vnJmwilfpmD4=",
        "owner": "NixOS",
        "repo": "nixpkgs",
        "rev": "54402b393940b01e061a866ac1448bd209425501",
        "type": "github"
      },
      "original": {
        "owner": "NixOS",
        "repo": "nixpkgs",
        "type": "github"
      }
    },
    "root": {
      "inputs": {
        "nixpkgs": "nixpkgs"
      }
    }
  },
  "root": "root",
  "version": 7
}
